{
  "name": "geom-sweep",
  "version": "0.3.1",
  "lockfileVersion": 3,
  "requires": true,
  "packages": {
    "": {
      "name": "geom-sweep",
      "version": "0.3.1",
      "license": "MIT",
      "dependencies": {
        "frenet-serret-frames": "^2.1.0",
        "path-tangents": "^2.1.0"
      },
      "devDependencies": {
        "es-module-shims": "^1.6.3",
        "pex-cam": "^3.0.0-alpha.1",
        "pex-context": "^3.0.0-alpha.5",
        "pex-gui": "^3.0.0-alpha.2",
        "pex-math": "^4.0.0-alpha.3",
        "spline-points": "^0.2.1"
      },
      "engines": {
        "node": ">=18.0.0",
        "npm": ">=8.0.0"
      }
    },
    "node_modules/clamp": {
      "version": "1.0.1",
      "resolved": "https://registry.npmjs.org/clamp/-/clamp-1.0.1.tgz",
      "integrity": "sha512-kgMuFyE78OC6Dyu3Dy7vcx4uy97EIbVxJB/B0eJ3bUNAkwdNcxYzgKltnyADiYwsR7SEqkkUPsEUT//OVS6XMA=="
    },
    "node_modules/es-module-shims": {
      "version": "1.6.3",
      "resolved": "https://registry.npmjs.org/es-module-shims/-/es-module-shims-1.6.3.tgz",
      "integrity": "sha512-+BQyPRZczeV9JH/17X1nu1GbD+SZvdPKD4Nrt2S61J94A2yc8DpWBlzv9KgF9cOXUZKifEShy8/qLelSVNo/rA==",
      "dev": true
    },
    "node_modules/frenet-serret-frames": {
      "version": "2.1.0",
      "resolved": "https://registry.npmjs.org/frenet-serret-frames/-/frenet-serret-frames-2.1.0.tgz",
      "integrity": "sha512-rP4JuCB47JTXyi5DzJkXL4qlYFKVsN3N5OPi1bjCRenuSJLXdnoYGkuXSuYnUa4D0BXhI0oPVenM6fzVUb/sjw==",
      "funding": [
        {
          "type": "individual",
          "url": "https://paypal.me/dmnsgn"
        },
        {
          "type": "individual",
          "url": "https://commerce.coinbase.com/checkout/56cbdf28-e323-48d8-9c98-7019e72c97f3"
        }
      ],
      "dependencies": {
        "clamp": "^1.0.1",
        "gl-matrix": "^3.3.0"
      },
      "engines": {
        "node": ">=15.0.0",
        "npm": ">=7.0.0"
      }
    },
    "node_modules/gl-matrix": {
      "version": "3.4.3",
      "resolved": "https://registry.npmjs.org/gl-matrix/-/gl-matrix-3.4.3.tgz",
      "integrity": "sha512-wcCp8vu8FT22BnvKVPjXa/ICBWRq/zjFfdofZy1WSpQZpphblv12/bOQLBC1rMM7SGOFS9ltVmKOHil5+Ml7gA=="
    },
    "node_modules/interpolate-angle": {
      "version": "1.0.2",
      "resolved": "https://registry.npmjs.org/interpolate-angle/-/interpolate-angle-1.0.2.tgz",
      "integrity": "sha512-OUPG46LVGLwKRy4lRIigx3+I4LckaR7f0sRBLkdT7txMz7kI1QMEYm9I+551yf8gpCC90O632hKBrkZu+1hc9Q==",
      "dev": true,
      "dependencies": {
        "lerp": "^1.0.3"
      }
    },
    "node_modules/latlon-to-xyz": {
      "version": "1.0.1",
      "resolved": "https://registry.npmjs.org/latlon-to-xyz/-/latlon-to-xyz-1.0.1.tgz",
      "integrity": "sha512-OF65aE60Y9aMOibxWFC2Vl7EN2BOtMKabm0t97+VaVgR9LoStZHbNNMc8dS/LG6iE1BpEXmnoH85wWr1drp/Tw==",
      "dev": true
    },
    "node_modules/lerp": {
      "version": "1.0.3",
      "resolved": "https://registry.npmjs.org/lerp/-/lerp-1.0.3.tgz",
      "integrity": "sha512-70Rh4rCkJDvwWiTsyZ1HmJGvnyfFah4m6iTux29XmasRiZPDBpT9Cfa4ai73+uLZxnlKruUS62jj2lb11wURiA==",
      "dev": true
    },
    "node_modules/mouse-event-offset": {
      "version": "3.0.2",
      "resolved": "https://registry.npmjs.org/mouse-event-offset/-/mouse-event-offset-3.0.2.tgz",
      "integrity": "sha512-s9sqOs5B1Ykox3Xo8b3Ss2IQju4UwlW6LSR+Q5FXWpprJ5fzMLefIIItr3PH8RwzfGy6gxs/4GAmiNuZScE25w==",
      "dev": true
    },
    "node_modules/path-tangents": {
      "version": "2.1.0",
      "resolved": "https://registry.npmjs.org/path-tangents/-/path-tangents-2.1.0.tgz",
      "integrity": "sha512-nrjaSVyAZoxv3oLBfGO/UvDAk7SoZDeG2KU6CDXbKiykN7qVL8w3WOIwoDvjdJlWDqGjxG01YwpxLqGXLw4W/g==",
      "funding": [
        {
          "type": "individual",
          "url": "https://paypal.me/dmnsgn"
        },
        {
          "type": "individual",
          "url": "https://commerce.coinbase.com/checkout/56cbdf28-e323-48d8-9c98-7019e72c97f3"
        }
      ],
      "dependencies": {
        "gl-matrix": "^3.3.0"
      },
      "engines": {
        "node": ">=15.0.0",
        "npm": ">=7.0.0"
      }
    },
    "node_modules/pex-cam": {
      "version": "3.0.0-alpha.1",
      "resolved": "https://registry.npmjs.org/pex-cam/-/pex-cam-3.0.0-alpha.1.tgz",
      "integrity": "sha512-mVDMzz5cyGA2em7k/fq9Yq9inO1hRputz4poeiXKdzydUh+EHXVvx3gzNyeXez2BTfV0TLpuoCgoLYLc5b4Ifw==",
      "dev": true,
      "dependencies": {
        "interpolate-angle": "^1.0.2",
        "latlon-to-xyz": "^1.0.1",
        "mouse-event-offset": "^3.0.2",
        "pex-geom": "^3.0.0-alpha.0",
        "pex-math": "^4.0.0-alpha.1",
        "xyz-to-latlon": "^1.0.2"
      },
      "engines": {
        "node": ">=16.0.0",
        "npm": ">=7.0.0"
      }
    },
    "node_modules/pex-color": {
      "version": "2.0.0-alpha.2",
      "resolved": "https://registry.npmjs.org/pex-color/-/pex-color-2.0.0-alpha.2.tgz",
      "integrity": "sha512-xG7851UGruaVOyf7yFeJu1BFmIGLUYr4B32XXCVw6mCVTdsrmuihz6L80+ryJiHqc4DGWNRNN9KTa8nU0J3fgw==",
      "dev": true,
      "engines": {
        "node": ">=16.0.0",
        "npm": ">=7.0.0"
      }
    },
    "node_modules/pex-context": {
      "version": "3.0.0-alpha.5",
      "resolved": "https://registry.npmjs.org/pex-context/-/pex-context-3.0.0-alpha.5.tgz",
      "integrity": "sha512-JMNWIgaXTHJe6E49XDh1O83I/miPzcCYIK9XjGxlGBzL99Cx0wuvHWQZ5FWcoCji1lsJxF7tQqMYTr5inIp44Q==",
      "dev": true,
      "dependencies": {
        "pex-gl": "^3.0.0-alpha.0"
      },
      "engines": {
        "node": ">=16.0.0",
        "npm": ">=7.0.0"
      }
    },
    "node_modules/pex-geom": {
      "version": "3.0.0-alpha.3",
      "resolved": "https://registry.npmjs.org/pex-geom/-/pex-geom-3.0.0-alpha.3.tgz",
      "integrity": "sha512-VxwL3JgaH34gWY/ft1//TftiigrER9WWC4p2Q3sfjOJH9FyHRqgYACkT8j/XlR2140PP7sBRUQoZSA4jKSY5bA==",
      "dev": true,
      "dependencies": {
        "pex-math": "^4.0.0-alpha.2"
      },
      "engines": {
        "node": ">=16.0.0",
        "npm": ">=7.0.0"
      }
    },
    "node_modules/pex-gl": {
      "version": "3.0.0-alpha.0",
      "resolved": "https://registry.npmjs.org/pex-gl/-/pex-gl-3.0.0-alpha.0.tgz",
      "integrity": "sha512-F5xRhI2A3iVhcSmBIIsjEoAeLBa8tqTUzQy2cwZ9X5i1yKRXH8mfQd21JegAuY2aIgzHylquQmWXKzskR8reIA==",
      "dev": true,
      "engines": {
        "node": ">=16.0.0",
        "npm": ">=7.0.0"
      }
    },
    "node_modules/pex-gui": {
      "version": "3.0.0-alpha.2",
      "resolved": "https://registry.npmjs.org/pex-gui/-/pex-gui-3.0.0-alpha.2.tgz",
      "integrity": "sha512-HDjtHi3xPACeZ38PH33OCljI3WeKllKoy1dE4swyKvMUKSz43GbkdGi3lnbbb0JftP8q6dxWXd+UkOjFW/8hFw==",
      "dev": true,
      "dependencies": {
        "pex-color": "^2.0.0-alpha.2",
        "pex-geom": "^3.0.0-alpha.3",
        "pex-math": "^4.0.0-alpha.2"
      },
      "engines": {
        "node": ">=16.0.0",
        "npm": ">=7.0.0"
      }
    },
    "node_modules/pex-math": {
      "version": "4.0.0-alpha.3",
      "resolved": "https://registry.npmjs.org/pex-math/-/pex-math-4.0.0-alpha.3.tgz",
      "integrity": "sha512-4rHCFNLQnk/NHAQczW/VCBiXOPN2DvAjYhZw5EnEadtMLoI9tGQWd4JxANeV1i3O17PdfIoTi9ECfIRRkz8nwg==",
      "dev": true,
      "engines": {
        "node": ">=16.0.0",
        "npm": ">=7.0.0"
      }
    },
    "node_modules/primitive-cube": {
      "version": "2.0.1",
      "resolved": "https://registry.npmjs.org/primitive-cube/-/primitive-cube-2.0.1.tgz",
      "integrity": "sha512-6h+ZgfzWZoh4utxWyYT/xUxAGCQfOwtjBSXKz5PoL1thu688o+stauxk+Dx9jQI1+nVZ5O6HuRpgkJxYM77HHg==",
      "dev": true
    },
    "node_modules/spline-points": {
      "version": "0.2.1",
      "resolved": "https://registry.npmjs.org/spline-points/-/spline-points-0.2.1.tgz",
      "integrity": "sha512-bOfm2mowVGoILyrJcHOB2hSpJkrCGTvPKrbH7jMkj+b6gIxzyYc12dhETj+O3mm1QUVy0hhVyEYvUneMpwNyIw==",
      "dev": true,
      "dependencies": {
        "primitive-cube": "^2.0.1"
      }
    },
    "node_modules/xyz-to-latlon": {
      "version": "1.0.2",
      "resolved": "https://registry.npmjs.org/xyz-to-latlon/-/xyz-to-latlon-1.0.2.tgz",
      "integrity": "sha512-iTQe5HIzAE0r2L2u2abs17s/SekCCUAlIHzYnHHo10aR0B1iKRSGye33z7a52IMJoUUMTpPwNUTNIy+OhZVRIg==",
      "dev": true
    }
  }
}
